
Microsoft Visual Studio Solution File, Format Version 12.00
# Visual Studio Version 16
VisualStudioVersion = 16.0.31424.327
MinimumVisualStudioVersion = 10.0.40219.1
Project("{2150E333-8FDC-42A3-9474-1A3956D46DE8}") = "src", "src", "{04EFEF67-1830-4B7A-9E41-99F49A4FC164}"
EndProject
Project("{2150E333-8FDC-42A3-9474-1A3956D46DE8}") = "tests", "tests", "{8D490814-7834-4F8B-9AE1-6B70B3BB36ED}"
EndProject
Project("{9A19103F-16F7-4668-BE54-9A1E7A4F7556}") = "BackRoll.Services", "src\BackRoll.Services\BackRoll.Services.csproj", "{E4663E12-6785-4596-80B3-02B3AD3FB772}"
EndProject
Project("{9A19103F-16F7-4668-BE54-9A1E7A4F7556}") = "Tests.BackRoll.Services", "tests\Tests.BackRoll.Services\Tests.BackRoll.Services.csproj", "{AC36348E-F049-4760-8E2A-4D9A34F940AF}"
EndProject
Project("{2150E333-8FDC-42A3-9474-1A3956D46DE8}") = "Solution Items", "Solution Items", "{4887FF3F-03F0-4691-85D1-0FE7B168CDEC}"
	ProjectSection(SolutionItems) = preProject
		.editorconfig = .editorconfig
	EndProjectSection
EndProject
Project("{9A19103F-16F7-4668-BE54-9A1E7A4F7556}") = "BackRoll.Telegram", "src\BackRoll.Telegram\BackRoll.Telegram.csproj", "{5DE1722B-4AC9-45F8-B4A5-6A1D426F5DCD}"
EndProject
Project("{9A19103F-16F7-4668-BE54-9A1E7A4F7556}") = "Tests.BackRoll.Telegram.Integration", "tests\Tests.BackRoll.Telegram.Integration\Tests.BackRoll.Telegram.Integration.csproj", "{1C92DD38-A063-4403-A587-B08D7CDB0A27}"
EndProject
Project("{E53339B2-1760-4266-BCC7-CA923CBCF16C}") = "docker-compose", "docker-compose.dcproj", "{56D96F59-0D02-4C54-A45A-1363719FFEBA}"
EndProject
Global
	GlobalSection(SolutionConfigurationPlatforms) = preSolution
		Debug|Any CPU = Debug|Any CPU
		Release|Any CPU = Release|Any CPU
	EndGlobalSection
	GlobalSection(ProjectConfigurationPlatforms) = postSolution
		{E4663E12-6785-4596-80B3-02B3AD3FB772}.Debug|Any CPU.ActiveCfg = Debug|Any CPU
		{E4663E12-6785-4596-80B3-02B3AD3FB772}.Debug|Any CPU.Build.0 = Debug|Any CPU
		{E4663E12-6785-4596-80B3-02B3AD3FB772}.Release|Any CPU.ActiveCfg = Release|Any CPU
		{E4663E12-6785-4596-80B3-02B3AD3FB772}.Release|Any CPU.Build.0 = Release|Any CPU
		{AC36348E-F049-4760-8E2A-4D9A34F940AF}.Debug|Any CPU.ActiveCfg = Debug|Any CPU
		{AC36348E-F049-4760-8E2A-4D9A34F940AF}.Debug|Any CPU.Build.0 = Debug|Any CPU
		{AC36348E-F049-4760-8E2A-4D9A34F940AF}.Release|Any CPU.ActiveCfg = Release|Any CPU
		{AC36348E-F049-4760-8E2A-4D9A34F940AF}.Release|Any CPU.Build.0 = Release|Any CPU
		{5DE1722B-4AC9-45F8-B4A5-6A1D426F5DCD}.Debug|Any CPU.ActiveCfg = Debug|Any CPU
		{5DE1722B-4AC9-45F8-B4A5-6A1D426F5DCD}.Debug|Any CPU.Build.0 = Debug|Any CPU
		{5DE1722B-4AC9-45F8-B4A5-6A1D426F5DCD}.Release|Any CPU.ActiveCfg = Release|Any CPU
		{5DE1722B-4AC9-45F8-B4A5-6A1D426F5DCD}.Release|Any CPU.Build.0 = Release|Any CPU
		{1C92DD38-A063-4403-A587-B08D7CDB0A27}.Debug|Any CPU.ActiveCfg = Debug|Any CPU
		{1C92DD38-A063-4403-A587-B08D7CDB0A27}.Debug|Any CPU.Build.0 = Debug|Any CPU
		{1C92DD38-A063-4403-A587-B08D7CDB0A27}.Release|Any CPU.ActiveCfg = Release|Any CPU
		{1C92DD38-A063-4403-A587-B08D7CDB0A27}.Release|Any CPU.Build.0 = Release|Any CPU
		{56D96F59-0D02-4C54-A45A-1363719FFEBA}.Debug|Any CPU.ActiveCfg = Debug|Any CPU
		{56D96F59-0D02-4C54-A45A-1363719FFEBA}.Debug|Any CPU.Build.0 = Debug|Any CPU
		{56D96F59-0D02-4C54-A45A-1363719FFEBA}.Release|Any CPU.ActiveCfg = Release|Any CPU
		{56D96F59-0D02-4C54-A45A-1363719FFEBA}.Release|Any CPU.Build.0 = Release|Any CPU
	EndGlobalSection
	GlobalSection(SolutionProperties) = preSolution
		HideSolutionNode = FALSE
	EndGlobalSection
	GlobalSection(NestedProjects) = preSolution
		{E4663E12-6785-4596-80B3-02B3AD3FB772} = {04EFEF67-1830-4B7A-9E41-99F49A4FC164}
		{AC36348E-F049-4760-8E2A-4D9A34F940AF} = {8D490814-7834-4F8B-9AE1-6B70B3BB36ED}
		{5DE1722B-4AC9-45F8-B4A5-6A1D426F5DCD} = {04EFEF67-1830-4B7A-9E41-99F49A4FC164}
		{1C92DD38-A063-4403-A587-B08D7CDB0A27} = {8D490814-7834-4F8B-9AE1-6B70B3BB36ED}
	EndGlobalSection
	GlobalSection(ExtensibilityGlobals) = postSolution
		SolutionGuid = {5C730B7E-3C91-4CE2-BBFC-8B78CB576988}
	EndGlobalSection
EndGlobal
